// !$*UTF8*$!
{
	archiveVersion = 1;
	classes = {
	};
	objectVersion = 46;
	objects = {

/* Begin PBXBuildFile section */
		0AA5A9611B940C02002D4B8D /* main.cpp in Sources */ = {isa = PBXBuildFile; fileRef = 0AA5A9601B940C02002D4B8D /* main.cpp */; };
/* End PBXBuildFile section */

/* Begin PBXCopyFilesBuildPhase section */
		0AA5A95B1B940C02002D4B8D /* CopyFiles */ = {
			isa = PBXCopyFilesBuildPhase;
			buildActionMask = 2147483647;
			dstPath = /usr/share/man/man1/;
			dstSubfolderSpec = 0;
			files = (
			);
			runOnlyForDeploymentPostprocessing = 1;
		};
/* End PBXCopyFilesBuildPhase section */

/* Begin PBXFileReference section */
		0AA5A95D1B940C02002D4B8D /* TCPL_4 */ = {isa = PBXFileReference; explicitFileType = "compiled.mach-o.executable"; includeInIndex = 0; path = TCPL_4; sourceTree = BUILT_PRODUCTS_DIR; };
		0AA5A9601B940C02002D4B8D /* main.cpp */ = {isa = PBXFileReference; lastKnownFileType = sourcecode.cpp.cpp; path = main.cpp; sourceTree = "<group>"; };
/* End PBXFileReference section */

/* Begin PBXFrameworksBuildPhase section */
		0AA5A95A1B940C02002D4B8D /* Frameworks */ = {
			isa = PBXFrameworksBuildPhase;
			buildActionMask = 2147483647;
			files = (
			);
			runOnlyForDeploymentPostprocessing = 0;
		};
/* End PBXFrameworksBuildPhase section */

/* Begin PBXGroup section */
		0AA5A9541B940C02002D4B8D = {
			isa = PBXGroup;
			children = (
				0AA5A95F1B940C02002D4B8D /* TCPL_4 */,
				0AA5A95E1B940C02002D4B8D /* Products */,
			);
			sourceTree = "<group>";
		};
		0AA5A95E1B940C02002D4B8D /* Products */ = {
			isa = PBXGroup;
			children = (
				0AA5A95D1B940C02002D4B8D /* TCPL_4 */,
			);
			name = Products;
			sourceTree = "<group>";
		};
		0AA5A95F1B940C02002D4B8D /* TCPL_4 */ = {
			isa = PBXGroup;
			children = (
				0AA5A9601B940C02002D4B8D /* main.cpp */,
			);
			path = TCPL_4;
			sourceTree = "<group>";
		};
/* End PBXGroup section */

/* Begin PBXNativeTarget section */
		0AA5A95C1B940C02002D4B8D /* TCPL_4 */ = {
			isa = PBXNativeTarget;
			buildConfigurationList = 0AA5A9641B940C02002D4B8D /* Build configuration list for PBXNativeTarget "TCPL_4" */;
			buildPhases = (
				0AA5A9591B940C02002D4B8D /* Sources */,
				0AA5A95A1B940C02002D4B8D /* Frameworks */,
				0AA5A95B1B940C02002D4B8D /* CopyFiles */,
			);
			buildRules = (
			);
			dependencies = (
			);
			name = TCPL_4;
			productName = TCPL_4;
			productReference = 0AA5A95D1B940C02002D4B8D /* TCPL_4 */;
			productType = "com.apple.product-type.tool";
		};
/* End PBXNativeTarget section */

/* Begin PBXProject section */
		0AA5A9551B940C02002D4B8D /* Project object */ = {
			isa = PBXProject;
			attributes = {
				LastUpgradeCheck = 0640;
				ORGANIZATIONNAME = huazhang;
				TargetAttributes = {
					0AA5A95C1B940C02002D4B8D = {
						CreatedOnToolsVersion = 6.4;
					};
				};
			};
			buildConfigurationList = 0AA5A9581B940C02002D4B8D /* Build configuration list for PBXProject "TCPL_4" */;
			compatibilityVersion = "Xcode 3.2";
			developmentRegion = English;
			hasScannedForEncodings = 0;
			knownRegions = (
				en,
			);
			mainGroup = 0AA5A9541B940C02002D4B8D;
			productRefGroup = 0AA5A95E1B940C02002D4B8D /* Products */;
			projectDirPath = "";
			projectRoot = "";
			targets = (
				0AA5A95C1B940C02002D4B8D /* TCPL_4 */,
			);
		};
/* End PBXProject section */

/* Begin PBXSourcesBuildPhase section */
		0AA5A9591B940C02002D4B8D /* Sources */ = {
			isa = PBXSourcesBuildPhase;
			buildActionMask = 2147483647;
			files = (
				0AA5A9611B940C02002D4B8D /* main.cpp in Sources */,
			);
			runOnlyForDeploymentPostprocessing = 0;
		};
/* End PBXSourcesBuildPhase section */

/* Begin XCBuildConfiguration section */
		0AA5A9621B940C02002D4B8D /* Debug */ = {
			isa = XCBuildConfiguration;
			buildSettings = {
				ALWAYS_SEARCH_USER_PATHS = NO;
				CLANG_CXX_LANGUAGE_STANDARD = "gnu++0x";
				CLANG_CXX_LIBRARY = "libc++";
				CLANG_ENABLE_MODULES = YES;
				CLANG_ENABLE_OBJC_ARC = YES;
				CLANG_WARN_BOOL_CONVERSION = YES;
				CLANG_WARN_CONSTANT_CONVERSION = YES;
				CLANG_WARN_DIRECT_OBJC_ISA_USAGE = YES_ERROR;
				CLANG_WARN_EMPTY_BODY = YES;
				CLANG_WARN_ENUM_CONVERSION = YES;
				CLANG_WARN_INT_CONVERSION = YES;
				CLANG_WARN_OBJC_ROOT_CLASS = YES_ERROR;
				CLANG_WARN_UNREACHABLE_CODE = YES;
				CLANG_WARN__DUPLICATE_METHOD_MATCH = YES;
				COPY_PHASE_STRIP = NO;
				DEBUG_INFORMATION_FORMAT = dwarf;
				ENABLE_STRICT_OBJC_MSGSEND = YES;
				GCC_C_LANGUAGE_STANDARD = gnu99;
				GCC_DYNAMIC_NO_PIC = NO;
				GCC_NO_COMMON_BLOCKS = YES;
				GCC_OPTIMIZATION_LEVEL = 0;
				GCC_PREPROCESSOR_DEFINITIONS = (
					"DEBUG=1",
					"$(inherited)",
				);
				GCC_SYMBOLS_PRIVATE_EXTERN = NO;
				GCC_WARN_64_TO_32_BIT_CONVERSION = YES;
				GCC_WARN_ABOUT_RETURN_TYPE = YES_ERROR;
				GCC_WARN_UNDECLARED_SELECTOR = YES;
				GCC_WARN_UNINITIALIZED_AUTOS = YES_AGGRESSIVE;
				GCC_WARN_UNUSED_FUNCTION = YES;
				GCC_WARN_UNUSED_VARIABLE = YES;
				MACOSX_DEPLOYMENT_TARGET = 10.10;
				MTL_ENABLE_DEBUG_INFO = YES;
				ONLY_ACTIVE_ARCH = YES;
				SDKROOT = macosx;
			};
			name = Debug;
		};
		0AA5A9631B940C02002D4B8D /* Release */ = {
			isa = XCBuildConfiguration;
			buildSettings = {
				ALWAYS_SEARCH_USER_PATHS = NO;
				CLANG_CXX_LANGUAGE_STANDARD = "gnu++0x";
				CLANG_CXX_LIBRARY = "libc++";
				CLANG_ENABLE_MODULES = YES;
				CLANG_ENABLE_OBJC_ARC = YES;
				CLANG_WARN_BOOL_CONVERSION = YES;
				CLANG_WARN_CONSTANT_CONVERSION = YES;
				CLANG_WARN_DIRECT_OBJC_ISA_USAGE = YES_ERROR;
				CLANG_WARN_EMPTY_BODY = YES;
				CLANG_WARN_ENUM_CONVERSION = YES;
				CLANG_WARN_INT_CONVERSION = YES;
				CLANG_WARN_OBJC_ROOT_CLASS = YES_ERROR;
				CLANG_WARN_UNREACHABLE_CODE = YES;
				CLANG_WARN__DUPLICATE_METHOD_MATCH = YES;
				COPY_PHASE_STRIP = NO;
				DEBUG_INFORMATION_FORMAT = "dwarf-with-dsym";
				ENABLE_NS_ASSERTIONS = NO;
				ENABLE_STRICT_OBJC_MSGSEND = YES;
				GCC_C_LANGUAGE_STANDARD = gnu99;
				GCC_NO_COMMON_BLOCKS = YES;
				GCC_WARN_64_TO_32_BIT_CONVERSION = YES;
				GCC_WARN_ABOUT_RETURN_TYPE = YES_ERROR;
				GCC_WARN_UNDECLARED_SELECTOR = YES;
				GCC_WARN_UNINITIALIZED_AUTOS = YES_AGGRESSIVE;
				GCC_WARN_UNUSED_FUNCTION = YES;
				GCC_WARN_UNUSED_VARIABLE = YES;
				MACOSX_DEPLOYMENT_TARGET = 10.10;
				MTL_ENABLE_DEBUG_INFO = NO;
				SDKROOT = macosx;
			};
			name = Release;
		};
		0AA5A9651B940C02002D4B8D /* Debug */ = {
			isa = XCBuildConfiguration;
			buildSettings = {
				CLANG_CXX_LANGUAGE_STANDARD = "c++0x";
				PRODUCT_NAME = "$(TARGET_NAME)";
			};
			name = Debug;
		};
		0AA5A9661B940C02002D4B8D /* Release */ = {
			isa = XCBuildConfiguration;
			buildSettings = {
				CLANG_CXX_LANGUAGE_STANDARD = "c++0x";
				PRODUCT_NAME = "$(TARGET_NAME)";
			};
			name = Release;
		};
/* End XCBuildConfiguration section */

/* Begin XCConfigurationList section */
		0AA5A9581B940C02002D4B8D /* Build configuration list for PBXProject "TCPL_4" */ = {
			isa = XCConfigurationList;
			buildConfigurations = (
				0AA5A9621B940C02002D4B8D /* Debug */,
				0AA5A9631B940C02002D4B8D /* Release */,
			);
			defaultConfigurationIsVisible = 0;
			defaultConfigurationName = Release;
		};
		0AA5A9641B940C02002D4B8D /* Build configuration list for PBXNativeTarget "TCPL_4" */ = {
			isa = XCConfigurationList;
			buildConfigurations = (
				0AA5A9651B940C02002D4B8D /* Debug */,
				0AA5A9661B940C02002D4B8D /* Release */,
			);
			defaultConfigurationIsVisible = 0;
		};
/* End XCConfigurationList section */
	};
	rootObject = 0AA5A9551B940C02002D4B8D /* Project object */;
}
