// !$*UTF8*$!
{
	archiveVersion = 1;
	classes = {
	};
	objectVersion = 46;
	objects = {

/* Begin PBXBuildFile section */
		0A180C191C47AADA00CBD835 /* main.cpp in Sources */ = {isa = PBXBuildFile; fileRef = 0A180C181C47AADA00CBD835 /* main.cpp */; };
		0A180C211C47ABE700CBD835 /* chap_01.cpp in Sources */ = {isa = PBXBuildFile; fileRef = 0A180C1F1C47ABE700CBD835 /* chap_01.cpp */; };
		0A180C241C47B12F00CBD835 /* chap_02.cpp in Sources */ = {isa = PBXBuildFile; fileRef = 0A180C221C47B12F00CBD835 /* chap_02.cpp */; };
		0A76E97C1C489EF8004D5360 /* chap_03.cpp in Sources */ = {isa = PBXBuildFile; fileRef = 0A76E97A1C489EF8004D5360 /* chap_03.cpp */; };
		0A76E9831C48C74D004D5360 /* NetSessionCenter.cpp in Sources */ = {isa = PBXBuildFile; fileRef = 0A76E9811C48C74D004D5360 /* NetSessionCenter.cpp */; };
		0A8528231C72CD7B00F17364 /* async_queue.cpp in Sources */ = {isa = PBXBuildFile; fileRef = 0A8528211C72CD7B00F17364 /* async_queue.cpp */; };
/* End PBXBuildFile section */

/* Begin PBXCopyFilesBuildPhase section */
		0A180C131C47AADA00CBD835 /* CopyFiles */ = {
			isa = PBXCopyFilesBuildPhase;
			buildActionMask = 2147483647;
			dstPath = /usr/share/man/man1/;
			dstSubfolderSpec = 0;
			files = (
			);
			runOnlyForDeploymentPostprocessing = 1;
		};
/* End PBXCopyFilesBuildPhase section */

/* Begin PBXFileReference section */
		0A180C151C47AADA00CBD835 /* concurrency_in_action */ = {isa = PBXFileReference; explicitFileType = "compiled.mach-o.executable"; includeInIndex = 0; path = concurrency_in_action; sourceTree = BUILT_PRODUCTS_DIR; };
		0A180C181C47AADA00CBD835 /* main.cpp */ = {isa = PBXFileReference; lastKnownFileType = sourcecode.cpp.cpp; path = main.cpp; sourceTree = "<group>"; };
		0A180C1F1C47ABE700CBD835 /* chap_01.cpp */ = {isa = PBXFileReference; fileEncoding = 4; lastKnownFileType = sourcecode.cpp.cpp; path = chap_01.cpp; sourceTree = "<group>"; };
		0A180C201C47ABE700CBD835 /* chap_01.hpp */ = {isa = PBXFileReference; fileEncoding = 4; lastKnownFileType = sourcecode.cpp.h; path = chap_01.hpp; sourceTree = "<group>"; };
		0A180C221C47B12F00CBD835 /* chap_02.cpp */ = {isa = PBXFileReference; fileEncoding = 4; lastKnownFileType = sourcecode.cpp.cpp; path = chap_02.cpp; sourceTree = "<group>"; };
		0A180C231C47B12F00CBD835 /* chap_02.hpp */ = {isa = PBXFileReference; fileEncoding = 4; lastKnownFileType = sourcecode.cpp.h; path = chap_02.hpp; sourceTree = "<group>"; };
		0A76E97A1C489EF8004D5360 /* chap_03.cpp */ = {isa = PBXFileReference; fileEncoding = 4; lastKnownFileType = sourcecode.cpp.cpp; path = chap_03.cpp; sourceTree = "<group>"; };
		0A76E97B1C489EF8004D5360 /* chap_03.hpp */ = {isa = PBXFileReference; fileEncoding = 4; lastKnownFileType = sourcecode.cpp.h; path = chap_03.hpp; sourceTree = "<group>"; };
		0A76E9811C48C74D004D5360 /* NetSessionCenter.cpp */ = {isa = PBXFileReference; fileEncoding = 4; lastKnownFileType = sourcecode.cpp.cpp; path = NetSessionCenter.cpp; sourceTree = "<group>"; };
		0A76E9821C48C74D004D5360 /* NetSessionCenter.h */ = {isa = PBXFileReference; fileEncoding = 4; lastKnownFileType = sourcecode.c.h; path = NetSessionCenter.h; sourceTree = "<group>"; };
		0A8528211C72CD7B00F17364 /* async_queue.cpp */ = {isa = PBXFileReference; fileEncoding = 4; lastKnownFileType = sourcecode.cpp.cpp; path = async_queue.cpp; sourceTree = "<group>"; };
		0A8528221C72CD7B00F17364 /* async_queue.h */ = {isa = PBXFileReference; fileEncoding = 4; lastKnownFileType = sourcecode.c.h; path = async_queue.h; sourceTree = "<group>"; };
/* End PBXFileReference section */

/* Begin PBXFrameworksBuildPhase section */
		0A180C121C47AADA00CBD835 /* Frameworks */ = {
			isa = PBXFrameworksBuildPhase;
			buildActionMask = 2147483647;
			files = (
			);
			runOnlyForDeploymentPostprocessing = 0;
		};
/* End PBXFrameworksBuildPhase section */

/* Begin PBXGroup section */
		0A180C0C1C47AADA00CBD835 = {
			isa = PBXGroup;
			children = (
				0A180C171C47AADA00CBD835 /* concurrency_in_action */,
				0A180C161C47AADA00CBD835 /* Products */,
			);
			sourceTree = "<group>";
		};
		0A180C161C47AADA00CBD835 /* Products */ = {
			isa = PBXGroup;
			children = (
				0A180C151C47AADA00CBD835 /* concurrency_in_action */,
			);
			name = Products;
			sourceTree = "<group>";
		};
		0A180C171C47AADA00CBD835 /* concurrency_in_action */ = {
			isa = PBXGroup;
			children = (
				0A180C181C47AADA00CBD835 /* main.cpp */,
				0A180C1F1C47ABE700CBD835 /* chap_01.cpp */,
				0A180C201C47ABE700CBD835 /* chap_01.hpp */,
				0A180C221C47B12F00CBD835 /* chap_02.cpp */,
				0A180C231C47B12F00CBD835 /* chap_02.hpp */,
				0A76E97A1C489EF8004D5360 /* chap_03.cpp */,
				0A76E97B1C489EF8004D5360 /* chap_03.hpp */,
				0A76E9811C48C74D004D5360 /* NetSessionCenter.cpp */,
				0A76E9821C48C74D004D5360 /* NetSessionCenter.h */,
				0A8528211C72CD7B00F17364 /* async_queue.cpp */,
				0A8528221C72CD7B00F17364 /* async_queue.h */,
			);
			path = concurrency_in_action;
			sourceTree = "<group>";
		};
/* End PBXGroup section */

/* Begin PBXNativeTarget section */
		0A180C141C47AADA00CBD835 /* concurrency_in_action */ = {
			isa = PBXNativeTarget;
			buildConfigurationList = 0A180C1C1C47AADA00CBD835 /* Build configuration list for PBXNativeTarget "concurrency_in_action" */;
			buildPhases = (
				0A180C111C47AADA00CBD835 /* Sources */,
				0A180C121C47AADA00CBD835 /* Frameworks */,
				0A180C131C47AADA00CBD835 /* CopyFiles */,
			);
			buildRules = (
			);
			dependencies = (
			);
			name = concurrency_in_action;
			productName = concurrency_in_action;
			productReference = 0A180C151C47AADA00CBD835 /* concurrency_in_action */;
			productType = "com.apple.product-type.tool";
		};
/* End PBXNativeTarget section */

/* Begin PBXProject section */
		0A180C0D1C47AADA00CBD835 /* Project object */ = {
			isa = PBXProject;
			attributes = {
				LastUpgradeCheck = 0720;
				ORGANIZATIONNAME = huazhang;
				TargetAttributes = {
					0A180C141C47AADA00CBD835 = {
						CreatedOnToolsVersion = 7.2;
					};
				};
			};
			buildConfigurationList = 0A180C101C47AADA00CBD835 /* Build configuration list for PBXProject "concurrency_in_action" */;
			compatibilityVersion = "Xcode 3.2";
			developmentRegion = English;
			hasScannedForEncodings = 0;
			knownRegions = (
				en,
			);
			mainGroup = 0A180C0C1C47AADA00CBD835;
			productRefGroup = 0A180C161C47AADA00CBD835 /* Products */;
			projectDirPath = "";
			projectRoot = "";
			targets = (
				0A180C141C47AADA00CBD835 /* concurrency_in_action */,
			);
		};
/* End PBXProject section */

/* Begin PBXSourcesBuildPhase section */
		0A180C111C47AADA00CBD835 /* Sources */ = {
			isa = PBXSourcesBuildPhase;
			buildActionMask = 2147483647;
			files = (
				0A180C241C47B12F00CBD835 /* chap_02.cpp in Sources */,
				0A180C211C47ABE700CBD835 /* chap_01.cpp in Sources */,
				0A76E9831C48C74D004D5360 /* NetSessionCenter.cpp in Sources */,
				0A8528231C72CD7B00F17364 /* async_queue.cpp in Sources */,
				0A76E97C1C489EF8004D5360 /* chap_03.cpp in Sources */,
				0A180C191C47AADA00CBD835 /* main.cpp in Sources */,
			);
			runOnlyForDeploymentPostprocessing = 0;
		};
/* End PBXSourcesBuildPhase section */

/* Begin XCBuildConfiguration section */
		0A180C1A1C47AADA00CBD835 /* Debug */ = {
			isa = XCBuildConfiguration;
			buildSettings = {
				ALWAYS_SEARCH_USER_PATHS = NO;
				CLANG_CXX_LANGUAGE_STANDARD = "c++0x";
				CLANG_CXX_LIBRARY = "libc++";
				CLANG_ENABLE_MODULES = YES;
				CLANG_ENABLE_OBJC_ARC = YES;
				CLANG_WARN_BOOL_CONVERSION = YES;
				CLANG_WARN_CONSTANT_CONVERSION = YES;
				CLANG_WARN_DIRECT_OBJC_ISA_USAGE = YES_ERROR;
				CLANG_WARN_EMPTY_BODY = YES;
				CLANG_WARN_ENUM_CONVERSION = YES;
				CLANG_WARN_INT_CONVERSION = YES;
				CLANG_WARN_OBJC_ROOT_CLASS = YES_ERROR;
				CLANG_WARN_UNREACHABLE_CODE = YES;
				CLANG_WARN__DUPLICATE_METHOD_MATCH = YES;
				CODE_SIGN_IDENTITY = "-";
				COPY_PHASE_STRIP = NO;
				DEBUG_INFORMATION_FORMAT = dwarf;
				ENABLE_STRICT_OBJC_MSGSEND = YES;
				ENABLE_TESTABILITY = YES;
				GCC_C_LANGUAGE_STANDARD = c11;
				GCC_DYNAMIC_NO_PIC = NO;
				GCC_NO_COMMON_BLOCKS = YES;
				GCC_OPTIMIZATION_LEVEL = 0;
				GCC_PREPROCESSOR_DEFINITIONS = (
					"DEBUG=1",
					"$(inherited)",
				);
				GCC_WARN_64_TO_32_BIT_CONVERSION = YES;
				GCC_WARN_ABOUT_RETURN_TYPE = YES_ERROR;
				GCC_WARN_UNDECLARED_SELECTOR = YES;
				GCC_WARN_UNINITIALIZED_AUTOS = YES_AGGRESSIVE;
				GCC_WARN_UNUSED_FUNCTION = YES;
				GCC_WARN_UNUSED_VARIABLE = YES;
				MACOSX_DEPLOYMENT_TARGET = 10.11;
				MTL_ENABLE_DEBUG_INFO = YES;
				ONLY_ACTIVE_ARCH = YES;
				SDKROOT = macosx;
			};
			name = Debug;
		};
		0A180C1B1C47AADA00CBD835 /* Release */ = {
			isa = XCBuildConfiguration;
			buildSettings = {
				ALWAYS_SEARCH_USER_PATHS = NO;
				CLANG_CXX_LANGUAGE_STANDARD = "c++0x";
				CLANG_CXX_LIBRARY = "libc++";
				CLANG_ENABLE_MODULES = YES;
				CLANG_ENABLE_OBJC_ARC = YES;
				CLANG_WARN_BOOL_CONVERSION = YES;
				CLANG_WARN_CONSTANT_CONVERSION = YES;
				CLANG_WARN_DIRECT_OBJC_ISA_USAGE = YES_ERROR;
				CLANG_WARN_EMPTY_BODY = YES;
				CLANG_WARN_ENUM_CONVERSION = YES;
				CLANG_WARN_INT_CONVERSION = YES;
				CLANG_WARN_OBJC_ROOT_CLASS = YES_ERROR;
				CLANG_WARN_UNREACHABLE_CODE = YES;
				CLANG_WARN__DUPLICATE_METHOD_MATCH = YES;
				CODE_SIGN_IDENTITY = "-";
				COPY_PHASE_STRIP = NO;
				DEBUG_INFORMATION_FORMAT = "dwarf-with-dsym";
				ENABLE_NS_ASSERTIONS = NO;
				ENABLE_STRICT_OBJC_MSGSEND = YES;
				GCC_C_LANGUAGE_STANDARD = c11;
				GCC_NO_COMMON_BLOCKS = YES;
				GCC_WARN_64_TO_32_BIT_CONVERSION = YES;
				GCC_WARN_ABOUT_RETURN_TYPE = YES_ERROR;
				GCC_WARN_UNDECLARED_SELECTOR = YES;
				GCC_WARN_UNINITIALIZED_AUTOS = YES_AGGRESSIVE;
				GCC_WARN_UNUSED_FUNCTION = YES;
				GCC_WARN_UNUSED_VARIABLE = YES;
				MACOSX_DEPLOYMENT_TARGET = 10.11;
				MTL_ENABLE_DEBUG_INFO = NO;
				SDKROOT = macosx;
			};
			name = Release;
		};
		0A180C1D1C47AADA00CBD835 /* Debug */ = {
			isa = XCBuildConfiguration;
			buildSettings = {
				PRODUCT_NAME = "$(TARGET_NAME)";
			};
			name = Debug;
		};
		0A180C1E1C47AADA00CBD835 /* Release */ = {
			isa = XCBuildConfiguration;
			buildSettings = {
				PRODUCT_NAME = "$(TARGET_NAME)";
			};
			name = Release;
		};
/* End XCBuildConfiguration section */

/* Begin XCConfigurationList section */
		0A180C101C47AADA00CBD835 /* Build configuration list for PBXProject "concurrency_in_action" */ = {
			isa = XCConfigurationList;
			buildConfigurations = (
				0A180C1A1C47AADA00CBD835 /* Debug */,
				0A180C1B1C47AADA00CBD835 /* Release */,
			);
			defaultConfigurationIsVisible = 0;
			defaultConfigurationName = Release;
		};
		0A180C1C1C47AADA00CBD835 /* Build configuration list for PBXNativeTarget "concurrency_in_action" */ = {
			isa = XCConfigurationList;
			buildConfigurations = (
				0A180C1D1C47AADA00CBD835 /* Debug */,
				0A180C1E1C47AADA00CBD835 /* Release */,
			);
			defaultConfigurationIsVisible = 0;
			defaultConfigurationName = Release;
		};
/* End XCConfigurationList section */
	};
	rootObject = 0A180C0D1C47AADA00CBD835 /* Project object */;
}
